# This file is automatically @generated by Cargo.
# It is not intended for manual editing.
[[package]]
name = "fast-log-utils"
version = "0.1.0"
dependencies = [
 "memchr 2.3.0 (registry+https://github.com/rust-lang/crates.io-index)",
 "memmem 0.1.1 (registry+https://github.com/rust-lang/crates.io-index)",
 "serde 1.0.115 (registry+https://github.com/rust-lang/crates.io-index)",
 "serde_json 1.0.57 (registry+https://github.com/rust-lang/crates.io-index)",
]

[[package]]
name = "itoa"
version = "0.4.6"
source = "registry+https://github.com/rust-lang/crates.io-index"

[[package]]
name = "memchr"
version = "2.3.0"
source = "registry+https://github.com/rust-lang/crates.io-index"

[[package]]
name = "memmem"
version = "0.1.1"
source = "registry+https://github.com/rust-lang/crates.io-index"

[[package]]
name = "ryu"
version = "1.0.5"
source = "registry+https://github.com/rust-lang/crates.io-index"

[[package]]
name = "serde"
version = "1.0.115"
source = "registry+https://github.com/rust-lang/crates.io-index"

[[package]]
name = "serde_json"
version = "1.0.57"
source = "registry+https://github.com/rust-lang/crates.io-index"
dependencies = [
 "itoa 0.4.6 (registry+https://github.com/rust-lang/crates.io-index)",
 "ryu 1.0.5 (registry+https://github.com/rust-lang/crates.io-index)",
 "serde 1.0.115 (registry+https://github.com/rust-lang/crates.io-index)",
]

[metadata]
"checksum itoa 0.4.6 (registry+https://github.com/rust-lang/crates.io-index)" = "dc6f3ad7b9d11a0c00842ff8de1b60ee58661048eb8049ed33c73594f359d7e6"
"checksum memchr 2.3.0 (registry+https://github.com/rust-lang/crates.io-index)" = "3197e20c7edb283f87c071ddfc7a2cca8f8e0b888c242959846a6fce03c72223"
"checksum memmem 0.1.1 (registry+https://github.com/rust-lang/crates.io-index)" = "a64a92489e2744ce060c349162be1c5f33c6969234104dbd99ddb5feb08b8c15"
"checksum ryu 1.0.5 (registry+https://github.com/rust-lang/crates.io-index)" = "71d301d4193d031abdd79ff7e3dd721168a9572ef3fe51a1517aba235bd8f86e"
"checksum serde 1.0.115 (registry+https://github.com/rust-lang/crates.io-index)" = "e54c9a88f2da7238af84b5101443f0c0d0a3bbdc455e34a5c9497b1903ed55d5"
"checksum serde_json 1.0.57 (registry+https://github.com/rust-lang/crates.io-index)" = "164eacbdb13512ec2745fb09d51fd5b22b0d65ed294a1dcf7285a360c80a675c"
